PODS:
  - AcknowList (1.4)
  - Alamofire (4.5.1)
  - DeckTransition (2.0.0)
  - DTCoreText (1.6.21):
    - DTCoreText/Core (= 1.6.21)
    - DTFoundation/Core (~> 1.7.5)
    - DTFoundation/DTAnimatedGIF (~> 1.7.5)
    - DTFoundation/DTHTMLParser (~> 1.7.5)
    - DTFoundation/UIKit (~> 1.7.5)
  - DTCoreText/Core (1.6.21):
    - DTFoundation/Core (~> 1.7.5)
    - DTFoundation/DTAnimatedGIF (~> 1.7.5)
    - DTFoundation/DTHTMLParser (~> 1.7.5)
    - DTFoundation/UIKit (~> 1.7.5)
  - DTFoundation/Core (1.7.13)
  - DTFoundation/DTAnimatedGIF (1.7.13)
  - DTFoundation/DTHTMLParser (1.7.13):
    - DTFoundation/Core
  - DTFoundation/UIKit (1.7.13):
    - DTFoundation/Core
  - Hero (1.0.1)
  - Hue (3.0.1)
  - IGListKit (3.0.0):
    - IGListKit/Default (= 3.0.0)
  - IGListKit/Default (3.0.0):
    - IGListKit/Diffing
  - IGListKit/Diffing (3.0.0)
  - Kingfisher (4.3.1)
  - Moya (10.0.1):
    - Moya/Core (= 10.0.1)
  - Moya/Core (10.0.1):
    - Alamofire (~> 4.1)
    - Result (~> 3.0)
  - PKHUD (4.2.3)
  - PromiseKit (4.5.0):
    - PromiseKit/Foundation (= 4.5.0)
    - PromiseKit/QuartzCore (= 4.5.0)
    - PromiseKit/UIKit (= 4.5.0)
  - PromiseKit/CorePromise (4.5.0)
  - PromiseKit/Foundation (4.5.0):
    - PromiseKit/CorePromise
  - PromiseKit/QuartzCore (4.5.0):
    - PromiseKit/CorePromise
  - PromiseKit/UIKit (4.5.0):
    - PromiseKit/CorePromise
  - Result (3.2.4)
  - SnapKit (4.0.0)
  - SQLite.swift (0.11.4):
    - SQLite.swift/standard (= 0.11.4)
  - SQLite.swift/standard (0.11.4)
  - Typist (1.1.0)
  - UIImageColors (1.4.0)

DEPENDENCIES:
  - AcknowList
  - DeckTransition (~> 2.0)
  - DTCoreText
  - Hero
  - Hue
  - IGListKit (from `https://github.com/Instagram/IGListKit.git`, branch `swift4`)
  - Kingfisher (from `https://github.com/onevcat/Kingfisher.git`)
  - Moya (from `https://github.com/Moya/Moya.git`)
  - PKHUD (from `https://github.com/pkluz/PKHUD.git`, branch `release/swift4`)
  - PromiseKit
  - SnapKit (~> 4.0.0)
  - SQLite.swift (~> 0.11.4)
  - Typist
  - UIImageColors

EXTERNAL SOURCES:
  IGListKit:
    :branch: swift4
    :git: https://github.com/Instagram/IGListKit.git
  Kingfisher:
    :git: https://github.com/onevcat/Kingfisher.git
  Moya:
    :git: https://github.com/Moya/Moya.git
  PKHUD:
    :branch: release/swift4
    :git: https://github.com/pkluz/PKHUD.git

CHECKOUT OPTIONS:
  IGListKit:
    :commit: 895de471bac0b04fa4d255ccf138b748defc5456
    :git: https://github.com/Instagram/IGListKit.git
  Kingfisher:
    :commit: b0eee66bfeb96fa37bcbee6d09dc2daa1a815ce7
    :git: https://github.com/onevcat/Kingfisher.git
  Moya:
    :commit: 268b4c66b14efb7ee2aafe4cf32d435c52e9f43d
    :git: https://github.com/Moya/Moya.git
  PKHUD:
    :commit: 4d8fbf70ae912dd72280cde0a5c1440ada9a7306
    :git: https://github.com/pkluz/PKHUD.git

SPEC CHECKSUMS:
  AcknowList: 1fae3fa62f256ddd1001adf20ba5c52743515ac7
  Alamofire: 2d95912bf4c34f164fdfc335872e8c312acaea4a
  DeckTransition: 2300694f94fbeca2c103f365dc9dc09ffae14a4f
  DTCoreText: e5d688cffc9f6a61eddd1a4f94e2046851230de3
  DTFoundation: f03be9fd786f11e505bb8fc44e2a3732bf0917df
  Hero: cee286821578e170d8c0c9c9cda7897357401112
  Hue: 93e852fa6211ab35922ad8c293f51c43d6c79eb2
  IGListKit: 9eab6856a15fa25ad72018ff9d9eb2178c240fff
  Kingfisher: 4025c6d2987a9c391ebfd54720e58a7c4c85ed00
  Moya: 8bbe0f9e788a816c24ea213c77838330ec5b5867
  PKHUD: 351011b853e6b942e7ee8ad335864cc84c787241
  PromiseKit: 9c1d9f6d7b65e3951a90bea7f407c56972be5d8e
  Result: d2d07204ce72856f1fd9130bbe42c35a7b0fea10
  SnapKit: a42d492c16e80209130a3379f73596c3454b7694
  SQLite.swift: 3e3bee21da701b5b9f87c4a672cb54f233505692
  Typist: 31a3eb9d6b97ea28e0e247bb8b14ed23fe624170
  UIImageColors: 1f891e1a3224efebb01ad476df3a5aed4220ee24

PODFILE CHECKSUM: 0f171e056931bc3d9a871d4c60afd0547ef4b33f

COCOAPODS: 1.3.1
