// !$*UTF8*$!
{
	archiveVersion = 1;
	classes = {
	};
	objectVersion = 48;
	objects = {

/* Begin PBXBuildFile section */
		9727B4311F30C08A00B271DF /* AppDelegate.swift in Sources */ = {isa = PBXBuildFile; fileRef = 9727B4301F30C08A00B271DF /* AppDelegate.swift */; };
		9727B4361F30C08A00B271DF /* Main.storyboard in Resources */ = {isa = PBXBuildFile; fileRef = 9727B4341F30C08A00B271DF /* Main.storyboard */; };
		9727B4381F30C08A00B271DF /* Assets.xcassets in Resources */ = {isa = PBXBuildFile; fileRef = 9727B4371F30C08A00B271DF /* Assets.xcassets */; };
		9727B43B1F30C08A00B271DF /* LaunchScreen.storyboard in Resources */ = {isa = PBXBuildFile; fileRef = 9727B4391F30C08A00B271DF /* LaunchScreen.storyboard */; };
		9727B4511F30C08A00B271DF /* ZiMuZuUITests.swift in Sources */ = {isa = PBXBuildFile; fileRef = 9727B4501F30C08A00B271DF /* ZiMuZuUITests.swift */; };
		97D4EBAF1F36A3C00067E25D /* HomeSectionController.swift in Sources */ = {isa = PBXBuildFile; fileRef = 97D4EBAE1F36A3C00067E25D /* HomeSectionController.swift */; };
		97D4EBB21F36A4070067E25D /* TVCell.swift in Sources */ = {isa = PBXBuildFile; fileRef = 97D4EBB01F36A4070067E25D /* TVCell.swift */; };
		97D4EBB31F36A4070067E25D /* TVCell.xib in Resources */ = {isa = PBXBuildFile; fileRef = 97D4EBB11F36A4070067E25D /* TVCell.xib */; };
		97D4EBB71F36B51B0067E25D /* HomeEmbeddedSectionController.swift in Sources */ = {isa = PBXBuildFile; fileRef = 97D4EBB61F36B51B0067E25D /* HomeEmbeddedSectionController.swift */; };
		A17503B09089A4F9BFC16157 /* Pods_ZiMuZu.framework in Frameworks */ = {isa = PBXBuildFile; fileRef = 680CCB0B9876F22E9F7EE5CA /* Pods_ZiMuZu.framework */; };
		A301AEEDE914A33EAA4467B2 /* Pods_ZiMuZuTests.framework in Frameworks */ = {isa = PBXBuildFile; fileRef = 20F73336619A52438D3CCC60 /* Pods_ZiMuZuTests.framework */; };
		C10040DC1F31724700068142 /* BaseTabBarController.swift in Sources */ = {isa = PBXBuildFile; fileRef = C10040DB1F31724700068142 /* BaseTabBarController.swift */; };
		C10040DE1F317AD200068142 /* ProfileViewController.swift in Sources */ = {isa = PBXBuildFile; fileRef = C10040DD1F317AD200068142 /* ProfileViewController.swift */; };
		C10040E01F317BB800068142 /* SearchViewController.swift in Sources */ = {isa = PBXBuildFile; fileRef = C10040DF1F317BB800068142 /* SearchViewController.swift */; };
		C10040E61F31E86C00068142 /* ZiMuZuAPI.swift in Sources */ = {isa = PBXBuildFile; fileRef = C10040E51F31E86C00068142 /* ZiMuZuAPI.swift */; };
		C10833321F3B00E000533C9D /* NewsListTableViewController.swift in Sources */ = {isa = PBXBuildFile; fileRef = C10833311F3B00E000533C9D /* NewsListTableViewController.swift */; };
		C10833351F3B010F00533C9D /* NewsListCell.swift in Sources */ = {isa = PBXBuildFile; fileRef = C10833331F3B010F00533C9D /* NewsListCell.swift */; };
		C10833361F3B010F00533C9D /* NewsListCell.xib in Resources */ = {isa = PBXBuildFile; fileRef = C10833341F3B010F00533C9D /* NewsListCell.xib */; };
		C129FCF71F38383800F3E629 /* HomeHeaderView.swift in Sources */ = {isa = PBXBuildFile; fileRef = C129FCF61F38383800F3E629 /* HomeHeaderView.swift */; };
		C129FCF91F38384B00F3E629 /* HomeHeaderView.xib in Resources */ = {isa = PBXBuildFile; fileRef = C129FCF81F38384B00F3E629 /* HomeHeaderView.xib */; };
		C132117F1F39C60A00D788AD /* TVListViewController.swift in Sources */ = {isa = PBXBuildFile; fileRef = C132117E1F39C60A00D788AD /* TVListViewController.swift */; };
		C159409D1F32F20700929B91 /* ZiMuZuTests.swift in Sources */ = {isa = PBXBuildFile; fileRef = C159409C1F32F20700929B91 /* ZiMuZuTests.swift */; };
		C15940E61F330EA100929B91 /* TV.swift in Sources */ = {isa = PBXBuildFile; fileRef = C15940E51F330EA100929B91 /* TV.swift */; };
		C174E6C51F38529300921434 /* HomeListSectionController.swift in Sources */ = {isa = PBXBuildFile; fileRef = C174E6C41F38529300921434 /* HomeListSectionController.swift */; };
		C174E6C81F3852E500921434 /* HomeListCell.swift in Sources */ = {isa = PBXBuildFile; fileRef = C174E6C61F3852E500921434 /* HomeListCell.swift */; };
		C174E6C91F3852E500921434 /* HomeListCell.xib in Resources */ = {isa = PBXBuildFile; fileRef = C174E6C71F3852E500921434 /* HomeListCell.xib */; };
		C174E6CB1F3866F400921434 /* HomeNewsSectionController.swift in Sources */ = {isa = PBXBuildFile; fileRef = C174E6CA1F3866F400921434 /* HomeNewsSectionController.swift */; };
		C174E6CD1F38688C00921434 /* News.swift in Sources */ = {isa = PBXBuildFile; fileRef = C174E6CC1F38688C00921434 /* News.swift */; };
		C174E6CF1F386E9100921434 /* HomeNewsEmbeddedSectionController.swift in Sources */ = {isa = PBXBuildFile; fileRef = C174E6CE1F386E9100921434 /* HomeNewsEmbeddedSectionController.swift */; };
		C174E6D21F386EC800921434 /* NewsCell.swift in Sources */ = {isa = PBXBuildFile; fileRef = C174E6D01F386EC800921434 /* NewsCell.swift */; };
		C174E6D31F386EC800921434 /* NewsCell.xib in Resources */ = {isa = PBXBuildFile; fileRef = C174E6D11F386EC800921434 /* NewsCell.xib */; };
		C17E49C81F31663900F969B2 /* HomeViewController.swift in Sources */ = {isa = PBXBuildFile; fileRef = C17E49C71F31663900F969B2 /* HomeViewController.swift */; };
		C17E49CA1F31693200F969B2 /* ViewControllerConfig.swift in Sources */ = {isa = PBXBuildFile; fileRef = C17E49C91F31693200F969B2 /* ViewControllerConfig.swift */; };
		C1B625091F3C30080020EA39 /* NewsDetailViewController.swift in Sources */ = {isa = PBXBuildFile; fileRef = C1B625081F3C30080020EA39 /* NewsDetailViewController.swift */; };
/* End PBXBuildFile section */

/* Begin PBXContainerItemProxy section */
		9727B44D1F30C08A00B271DF /* PBXContainerItemProxy */ = {
			isa = PBXContainerItemProxy;
			containerPortal = 9727B4251F30C08A00B271DF /* Project object */;
			proxyType = 1;
			remoteGlobalIDString = 9727B42C1F30C08A00B271DF;
			remoteInfo = ZiMuZu;
		};
		C159409F1F32F20700929B91 /* PBXContainerItemProxy */ = {
			isa = PBXContainerItemProxy;
			containerPortal = 9727B4251F30C08A00B271DF /* Project object */;
			proxyType = 1;
			remoteGlobalIDString = 9727B42C1F30C08A00B271DF;
			remoteInfo = ZiMuZu;
		};
/* End PBXContainerItemProxy section */

/* Begin PBXFileReference section */
		0158784D9F42A27500FF1D64 /* Pods-ZiMuZu.release.xcconfig */ = {isa = PBXFileReference; includeInIndex = 1; lastKnownFileType = text.xcconfig; name = "Pods-ZiMuZu.release.xcconfig"; path = "Pods/Target Support Files/Pods-ZiMuZu/Pods-ZiMuZu.release.xcconfig"; sourceTree = "<group>"; };
		20F73336619A52438D3CCC60 /* Pods_ZiMuZuTests.framework */ = {isa = PBXFileReference; explicitFileType = wrapper.framework; includeInIndex = 0; path = Pods_ZiMuZuTests.framework; sourceTree = BUILT_PRODUCTS_DIR; };
		680CCB0B9876F22E9F7EE5CA /* Pods_ZiMuZu.framework */ = {isa = PBXFileReference; explicitFileType = wrapper.framework; includeInIndex = 0; path = Pods_ZiMuZu.framework; sourceTree = BUILT_PRODUCTS_DIR; };
		9727B42D1F30C08A00B271DF /* ZiMuZu.app */ = {isa = PBXFileReference; explicitFileType = wrapper.application; includeInIndex = 0; path = ZiMuZu.app; sourceTree = BUILT_PRODUCTS_DIR; };
		9727B4301F30C08A00B271DF /* AppDelegate.swift */ = {isa = PBXFileReference; lastKnownFileType = sourcecode.swift; path = AppDelegate.swift; sourceTree = "<group>"; };
		9727B4351F30C08A00B271DF /* Base */ = {isa = PBXFileReference; lastKnownFileType = file.storyboard; name = Base; path = Base.lproj/Main.storyboard; sourceTree = "<group>"; };
		9727B4371F30C08A00B271DF /* Assets.xcassets */ = {isa = PBXFileReference; lastKnownFileType = folder.assetcatalog; path = Assets.xcassets; sourceTree = "<group>"; };
		9727B43A1F30C08A00B271DF /* Base */ = {isa = PBXFileReference; lastKnownFileType = file.storyboard; name = Base; path = Base.lproj/LaunchScreen.storyboard; sourceTree = "<group>"; };
		9727B43C1F30C08A00B271DF /* Info.plist */ = {isa = PBXFileReference; lastKnownFileType = text.plist.xml; path = Info.plist; sourceTree = "<group>"; };
		9727B44C1F30C08A00B271DF /* ZiMuZuUITests.xctest */ = {isa = PBXFileReference; explicitFileType = wrapper.cfbundle; includeInIndex = 0; path = ZiMuZuUITests.xctest; sourceTree = BUILT_PRODUCTS_DIR; };
		9727B4501F30C08A00B271DF /* ZiMuZuUITests.swift */ = {isa = PBXFileReference; lastKnownFileType = sourcecode.swift; path = ZiMuZuUITests.swift; sourceTree = "<group>"; };
		9727B4521F30C08A00B271DF /* Info.plist */ = {isa = PBXFileReference; lastKnownFileType = text.plist.xml; path = Info.plist; sourceTree = "<group>"; };
		97D4EBAE1F36A3C00067E25D /* HomeSectionController.swift */ = {isa = PBXFileReference; lastKnownFileType = sourcecode.swift; path = HomeSectionController.swift; sourceTree = "<group>"; };
		97D4EBB01F36A4070067E25D /* TVCell.swift */ = {isa = PBXFileReference; lastKnownFileType = sourcecode.swift; path = TVCell.swift; sourceTree = "<group>"; };
		97D4EBB11F36A4070067E25D /* TVCell.xib */ = {isa = PBXFileReference; lastKnownFileType = file.xib; path = TVCell.xib; sourceTree = "<group>"; };
		97D4EBB61F36B51B0067E25D /* HomeEmbeddedSectionController.swift */ = {isa = PBXFileReference; lastKnownFileType = sourcecode.swift; path = HomeEmbeddedSectionController.swift; sourceTree = "<group>"; };
		ADDAC9D39D2D54B823DAC200 /* Pods-ZiMuZu.debug.xcconfig */ = {isa = PBXFileReference; includeInIndex = 1; lastKnownFileType = text.xcconfig; name = "Pods-ZiMuZu.debug.xcconfig"; path = "Pods/Target Support Files/Pods-ZiMuZu/Pods-ZiMuZu.debug.xcconfig"; sourceTree = "<group>"; };
		B2C5BDA30FD4529D4EDC464D /* Pods-ZiMuZuTests.debug.xcconfig */ = {isa = PBXFileReference; includeInIndex = 1; lastKnownFileType = text.xcconfig; name = "Pods-ZiMuZuTests.debug.xcconfig"; path = "Pods/Target Support Files/Pods-ZiMuZuTests/Pods-ZiMuZuTests.debug.xcconfig"; sourceTree = "<group>"; };
		C10040DB1F31724700068142 /* BaseTabBarController.swift */ = {isa = PBXFileReference; lastKnownFileType = sourcecode.swift; path = BaseTabBarController.swift; sourceTree = "<group>"; };
		C10040DD1F317AD200068142 /* ProfileViewController.swift */ = {isa = PBXFileReference; lastKnownFileType = sourcecode.swift; path = ProfileViewController.swift; sourceTree = "<group>"; };
		C10040DF1F317BB800068142 /* SearchViewController.swift */ = {isa = PBXFileReference; lastKnownFileType = sourcecode.swift; path = SearchViewController.swift; sourceTree = "<group>"; };
		C10040E51F31E86C00068142 /* ZiMuZuAPI.swift */ = {isa = PBXFileReference; lastKnownFileType = sourcecode.swift; path = ZiMuZuAPI.swift; sourceTree = "<group>"; };
		C10833311F3B00E000533C9D /* NewsListTableViewController.swift */ = {isa = PBXFileReference; lastKnownFileType = sourcecode.swift; path = NewsListTableViewController.swift; sourceTree = "<group>"; };
		C10833331F3B010F00533C9D /* NewsListCell.swift */ = {isa = PBXFileReference; lastKnownFileType = sourcecode.swift; path = NewsListCell.swift; sourceTree = "<group>"; };
		C10833341F3B010F00533C9D /* NewsListCell.xib */ = {isa = PBXFileReference; lastKnownFileType = file.xib; path = NewsListCell.xib; sourceTree = "<group>"; };
		C129FCF61F38383800F3E629 /* HomeHeaderView.swift */ = {isa = PBXFileReference; lastKnownFileType = sourcecode.swift; path = HomeHeaderView.swift; sourceTree = "<group>"; };
		C129FCF81F38384B00F3E629 /* HomeHeaderView.xib */ = {isa = PBXFileReference; lastKnownFileType = file.xib; path = HomeHeaderView.xib; sourceTree = "<group>"; };
		C132117E1F39C60A00D788AD /* TVListViewController.swift */ = {isa = PBXFileReference; lastKnownFileType = sourcecode.swift; path = TVListViewController.swift; sourceTree = "<group>"; };
		C159409A1F32F20700929B91 /* ZiMuZuTests.xctest */ = {isa = PBXFileReference; explicitFileType = wrapper.cfbundle; includeInIndex = 0; path = ZiMuZuTests.xctest; sourceTree = BUILT_PRODUCTS_DIR; };
		C159409C1F32F20700929B91 /* ZiMuZuTests.swift */ = {isa = PBXFileReference; lastKnownFileType = sourcecode.swift; path = ZiMuZuTests.swift; sourceTree = "<group>"; };
		C159409E1F32F20700929B91 /* Info.plist */ = {isa = PBXFileReference; lastKnownFileType = text.plist.xml; path = Info.plist; sourceTree = "<group>"; };
		C15940E51F330EA100929B91 /* TV.swift */ = {isa = PBXFileReference; lastKnownFileType = sourcecode.swift; path = TV.swift; sourceTree = "<group>"; };
		C16151FA4776D9C0E3A92CAA /* Pods-ZiMuZuTests.release.xcconfig */ = {isa = PBXFileReference; includeInIndex = 1; lastKnownFileType = text.xcconfig; name = "Pods-ZiMuZuTests.release.xcconfig"; path = "Pods/Target Support Files/Pods-ZiMuZuTests/Pods-ZiMuZuTests.release.xcconfig"; sourceTree = "<group>"; };
		C174E6C41F38529300921434 /* HomeListSectionController.swift */ = {isa = PBXFileReference; lastKnownFileType = sourcecode.swift; path = HomeListSectionController.swift; sourceTree = "<group>"; };
		C174E6C61F3852E500921434 /* HomeListCell.swift */ = {isa = PBXFileReference; lastKnownFileType = sourcecode.swift; path = HomeListCell.swift; sourceTree = "<group>"; };
		C174E6C71F3852E500921434 /* HomeListCell.xib */ = {isa = PBXFileReference; lastKnownFileType = file.xib; path = HomeListCell.xib; sourceTree = "<group>"; };
		C174E6CA1F3866F400921434 /* HomeNewsSectionController.swift */ = {isa = PBXFileReference; lastKnownFileType = sourcecode.swift; path = HomeNewsSectionController.swift; sourceTree = "<group>"; };
		C174E6CC1F38688C00921434 /* News.swift */ = {isa = PBXFileReference; lastKnownFileType = sourcecode.swift; path = News.swift; sourceTree = "<group>"; };
		C174E6CE1F386E9100921434 /* HomeNewsEmbeddedSectionController.swift */ = {isa = PBXFileReference; lastKnownFileType = sourcecode.swift; path = HomeNewsEmbeddedSectionController.swift; sourceTree = "<group>"; };
		C174E6D01F386EC800921434 /* NewsCell.swift */ = {isa = PBXFileReference; lastKnownFileType = sourcecode.swift; path = NewsCell.swift; sourceTree = "<group>"; };
		C174E6D11F386EC800921434 /* NewsCell.xib */ = {isa = PBXFileReference; lastKnownFileType = file.xib; path = NewsCell.xib; sourceTree = "<group>"; };
		C17E49C71F31663900F969B2 /* HomeViewController.swift */ = {isa = PBXFileReference; lastKnownFileType = sourcecode.swift; path = HomeViewController.swift; sourceTree = "<group>"; };
		C17E49C91F31693200F969B2 /* ViewControllerConfig.swift */ = {isa = PBXFileReference; lastKnownFileType = sourcecode.swift; path = ViewControllerConfig.swift; sourceTree = "<group>"; };
		C1B625081F3C30080020EA39 /* NewsDetailViewController.swift */ = {isa = PBXFileReference; lastKnownFileType = sourcecode.swift; path = NewsDetailViewController.swift; sourceTree = "<group>"; };
/* End PBXFileReference section */

/* Begin PBXFrameworksBuildPhase section */
		9727B42A1F30C08A00B271DF /* Frameworks */ = {
			isa = PBXFrameworksBuildPhase;
			buildActionMask = 2147483647;
			files = (
				A17503B09089A4F9BFC16157 /* Pods_ZiMuZu.framework in Frameworks */,
			);
			runOnlyForDeploymentPostprocessing = 0;
		};
		9727B4491F30C08A00B271DF /* Frameworks */ = {
			isa = PBXFrameworksBuildPhase;
			buildActionMask = 2147483647;
			files = (
			);
			runOnlyForDeploymentPostprocessing = 0;
		};
		C15940971F32F20700929B91 /* Frameworks */ = {
			isa = PBXFrameworksBuildPhase;
			buildActionMask = 2147483647;
			files = (
				A301AEEDE914A33EAA4467B2 /* Pods_ZiMuZuTests.framework in Frameworks */,
			);
			runOnlyForDeploymentPostprocessing = 0;
		};
/* End PBXFrameworksBuildPhase section */

/* Begin PBXGroup section */
		23A5E9B686C82CC0851684A6 /* Frameworks */ = {
			isa = PBXGroup;
			children = (
				680CCB0B9876F22E9F7EE5CA /* Pods_ZiMuZu.framework */,
				20F73336619A52438D3CCC60 /* Pods_ZiMuZuTests.framework */,
			);
			name = Frameworks;
			sourceTree = "<group>";
		};
		9727B4241F30C08A00B271DF = {
			isa = PBXGroup;
			children = (
				9727B42F1F30C08A00B271DF /* ZiMuZu */,
				C159409B1F32F20700929B91 /* ZiMuZuTests */,
				9727B44F1F30C08A00B271DF /* ZiMuZuUITests */,
				9727B42E1F30C08A00B271DF /* Products */,
				DE3E841AAC2DF5EC50311B54 /* Pods */,
				23A5E9B686C82CC0851684A6 /* Frameworks */,
			);
			sourceTree = "<group>";
		};
		9727B42E1F30C08A00B271DF /* Products */ = {
			isa = PBXGroup;
			children = (
				9727B42D1F30C08A00B271DF /* ZiMuZu.app */,
				9727B44C1F30C08A00B271DF /* ZiMuZuUITests.xctest */,
				C159409A1F32F20700929B91 /* ZiMuZuTests.xctest */,
			);
			name = Products;
			sourceTree = "<group>";
		};
		9727B42F1F30C08A00B271DF /* ZiMuZu */ = {
			isa = PBXGroup;
			children = (
				C17E49C41F31647800F969B2 /* Base */,
				C17E49C31F31644100F969B2 /* Home */,
				C17E49C11F31643900F969B2 /* Profile */,
				C17E49C21F31643900F969B2 /* Search */,
				9727B4301F30C08A00B271DF /* AppDelegate.swift */,
				9727B4341F30C08A00B271DF /* Main.storyboard */,
				9727B4371F30C08A00B271DF /* Assets.xcassets */,
				9727B4391F30C08A00B271DF /* LaunchScreen.storyboard */,
				9727B43C1F30C08A00B271DF /* Info.plist */,
			);
			path = ZiMuZu;
			sourceTree = "<group>";
		};
		9727B44F1F30C08A00B271DF /* ZiMuZuUITests */ = {
			isa = PBXGroup;
			children = (
				9727B4501F30C08A00B271DF /* ZiMuZuUITests.swift */,
				9727B4521F30C08A00B271DF /* Info.plist */,
			);
			path = ZiMuZuUITests;
			sourceTree = "<group>";
		};
		C159409B1F32F20700929B91 /* ZiMuZuTests */ = {
			isa = PBXGroup;
			children = (
				C159409C1F32F20700929B91 /* ZiMuZuTests.swift */,
				C159409E1F32F20700929B91 /* Info.plist */,
			);
			path = ZiMuZuTests;
			sourceTree = "<group>";
		};
		C17E49C11F31643900F969B2 /* Profile */ = {
			isa = PBXGroup;
			children = (
				C10040DD1F317AD200068142 /* ProfileViewController.swift */,
			);
			path = Profile;
			sourceTree = "<group>";
		};
		C17E49C21F31643900F969B2 /* Search */ = {
			isa = PBXGroup;
			children = (
				C10040DF1F317BB800068142 /* SearchViewController.swift */,
			);
			path = Search;
			sourceTree = "<group>";
		};
		C17E49C31F31644100F969B2 /* Home */ = {
			isa = PBXGroup;
			children = (
				C17E49C71F31663900F969B2 /* HomeViewController.swift */,
				97D4EBAE1F36A3C00067E25D /* HomeSectionController.swift */,
				C174E6C41F38529300921434 /* HomeListSectionController.swift */,
				C174E6CA1F3866F400921434 /* HomeNewsSectionController.swift */,
				97D4EBB01F36A4070067E25D /* TVCell.swift */,
				97D4EBB11F36A4070067E25D /* TVCell.xib */,
				97D4EBB61F36B51B0067E25D /* HomeEmbeddedSectionController.swift */,
				C174E6CE1F386E9100921434 /* HomeNewsEmbeddedSectionController.swift */,
				C129FCF61F38383800F3E629 /* HomeHeaderView.swift */,
				C129FCF81F38384B00F3E629 /* HomeHeaderView.xib */,
				C174E6C61F3852E500921434 /* HomeListCell.swift */,
				C174E6C71F3852E500921434 /* HomeListCell.xib */,
				C174E6D01F386EC800921434 /* NewsCell.swift */,
				C174E6D11F386EC800921434 /* NewsCell.xib */,
				C132117E1F39C60A00D788AD /* TVListViewController.swift */,
				C10833311F3B00E000533C9D /* NewsListTableViewController.swift */,
				C10833331F3B010F00533C9D /* NewsListCell.swift */,
				C10833341F3B010F00533C9D /* NewsListCell.xib */,
				C1B625081F3C30080020EA39 /* NewsDetailViewController.swift */,
			);
			path = Home;
			sourceTree = "<group>";
		};
		C17E49C41F31647800F969B2 /* Base */ = {
			isa = PBXGroup;
			children = (
				C17E49C91F31693200F969B2 /* ViewControllerConfig.swift */,
				C10040DB1F31724700068142 /* BaseTabBarController.swift */,
				C10040E51F31E86C00068142 /* ZiMuZuAPI.swift */,
				C15940E51F330EA100929B91 /* TV.swift */,
				C174E6CC1F38688C00921434 /* News.swift */,
			);
			path = Base;
			sourceTree = "<group>";
		};
		DE3E841AAC2DF5EC50311B54 /* Pods */ = {
			isa = PBXGroup;
			children = (
				ADDAC9D39D2D54B823DAC200 /* Pods-ZiMuZu.debug.xcconfig */,
				0158784D9F42A27500FF1D64 /* Pods-ZiMuZu.release.xcconfig */,
				B2C5BDA30FD4529D4EDC464D /* Pods-ZiMuZuTests.debug.xcconfig */,
				C16151FA4776D9C0E3A92CAA /* Pods-ZiMuZuTests.release.xcconfig */,
			);
			name = Pods;
			sourceTree = "<group>";
		};
/* End PBXGroup section */

/* Begin PBXNativeTarget section */
		9727B42C1F30C08A00B271DF /* ZiMuZu */ = {
			isa = PBXNativeTarget;
			buildConfigurationList = 9727B4551F30C08A00B271DF /* Build configuration list for PBXNativeTarget "ZiMuZu" */;
			buildPhases = (
				98E5AF94624C33D45A5D9E50 /* [CP] Check Pods Manifest.lock */,
				9727B4291F30C08A00B271DF /* Sources */,
				9727B42A1F30C08A00B271DF /* Frameworks */,
				9727B42B1F30C08A00B271DF /* Resources */,
				1F06FC516349B2A90FBDDE20 /* [CP] Embed Pods Frameworks */,
				9345B8D0043CA2ACBDBA781C /* [CP] Copy Pods Resources */,
			);
			buildRules = (
			);
			dependencies = (
			);
			name = ZiMuZu;
			productName = ZiMuZu;
			productReference = 9727B42D1F30C08A00B271DF /* ZiMuZu.app */;
			productType = "com.apple.product-type.application";
		};
		9727B44B1F30C08A00B271DF /* ZiMuZuUITests */ = {
			isa = PBXNativeTarget;
			buildConfigurationList = 9727B45B1F30C08A00B271DF /* Build configuration list for PBXNativeTarget "ZiMuZuUITests" */;
			buildPhases = (
				9727B4481F30C08A00B271DF /* Sources */,
				9727B4491F30C08A00B271DF /* Frameworks */,
				9727B44A1F30C08A00B271DF /* Resources */,
			);
			buildRules = (
			);
			dependencies = (
				9727B44E1F30C08A00B271DF /* PBXTargetDependency */,
			);
			name = ZiMuZuUITests;
			productName = ZiMuZuUITests;
			productReference = 9727B44C1F30C08A00B271DF /* ZiMuZuUITests.xctest */;
			productType = "com.apple.product-type.bundle.ui-testing";
		};
		C15940991F32F20700929B91 /* ZiMuZuTests */ = {
			isa = PBXNativeTarget;
			buildConfigurationList = C15940A11F32F20700929B91 /* Build configuration list for PBXNativeTarget "ZiMuZuTests" */;
			buildPhases = (
				003BB5C44A1DA0639A24833A /* [CP] Check Pods Manifest.lock */,
				C15940961F32F20700929B91 /* Sources */,
				C15940971F32F20700929B91 /* Frameworks */,
				C15940981F32F20700929B91 /* Resources */,
				417A263D42344203FE263BEB /* [CP] Embed Pods Frameworks */,
				F1FB9BA40D573C4A3C63D7BA /* [CP] Copy Pods Resources */,
			);
			buildRules = (
			);
			dependencies = (
				C15940A01F32F20700929B91 /* PBXTargetDependency */,
			);
			name = ZiMuZuTests;
			productName = ZiMuZuTests;
			productReference = C159409A1F32F20700929B91 /* ZiMuZuTests.xctest */;
			productType = "com.apple.product-type.bundle.unit-test";
		};
/* End PBXNativeTarget section */

/* Begin PBXProject section */
		9727B4251F30C08A00B271DF /* Project object */ = {
			isa = PBXProject;
			attributes = {
				LastSwiftUpdateCheck = 0900;
				LastUpgradeCheck = 0900;
				ORGANIZATIONNAME = zhangyangwei.com;
				TargetAttributes = {
					9727B42C1F30C08A00B271DF = {
						CreatedOnToolsVersion = 9.0;
					};
					9727B44B1F30C08A00B271DF = {
						CreatedOnToolsVersion = 9.0;
						TestTargetID = 9727B42C1F30C08A00B271DF;
					};
					C15940991F32F20700929B91 = {
						CreatedOnToolsVersion = 9.0;
						TestTargetID = 9727B42C1F30C08A00B271DF;
					};
				};
			};
			buildConfigurationList = 9727B4281F30C08A00B271DF /* Build configuration list for PBXProject "ZiMuZu" */;
			compatibilityVersion = "Xcode 8.0";
			developmentRegion = en;
			hasScannedForEncodings = 0;
			knownRegions = (
				en,
				Base,
			);
			mainGroup = 9727B4241F30C08A00B271DF;
			productRefGroup = 9727B42E1F30C08A00B271DF /* Products */;
			projectDirPath = "";
			projectRoot = "";
			targets = (
				9727B42C1F30C08A00B271DF /* ZiMuZu */,
				C15940991F32F20700929B91 /* ZiMuZuTests */,
				9727B44B1F30C08A00B271DF /* ZiMuZuUITests */,
			);
		};
/* End PBXProject section */

/* Begin PBXResourcesBuildPhase section */
		9727B42B1F30C08A00B271DF /* Resources */ = {
			isa = PBXResourcesBuildPhase;
			buildActionMask = 2147483647;
			files = (
				C174E6C91F3852E500921434 /* HomeListCell.xib in Resources */,
				9727B43B1F30C08A00B271DF /* LaunchScreen.storyboard in Resources */,
				C10833361F3B010F00533C9D /* NewsListCell.xib in Resources */,
				C174E6D31F386EC800921434 /* NewsCell.xib in Resources */,
				C129FCF91F38384B00F3E629 /* HomeHeaderView.xib in Resources */,
				97D4EBB31F36A4070067E25D /* TVCell.xib in Resources */,
				9727B4381F30C08A00B271DF /* Assets.xcassets in Resources */,
				9727B4361F30C08A00B271DF /* Main.storyboard in Resources */,
			);
			runOnlyForDeploymentPostprocessing = 0;
		};
		9727B44A1F30C08A00B271DF /* Resources */ = {
			isa = PBXResourcesBuildPhase;
			buildActionMask = 2147483647;
			files = (
			);
			runOnlyForDeploymentPostprocessing = 0;
		};
		C15940981F32F20700929B91 /* Resources */ = {
			isa = PBXResourcesBuildPhase;
			buildActionMask = 2147483647;
			files = (
			);
			runOnlyForDeploymentPostprocessing = 0;
		};
/* End PBXResourcesBuildPhase section */

/* Begin PBXShellScriptBuildPhase section */
		003BB5C44A1DA0639A24833A /* [CP] Check Pods Manifest.lock */ = {
			isa = PBXShellScriptBuildPhase;
			buildActionMask = 2147483647;
			files = (
			);
			inputPaths = (
			);
			name = "[CP] Check Pods Manifest.lock";
			outputPaths = (
			);
			runOnlyForDeploymentPostprocessing = 0;
			shellPath = /bin/sh;
			shellScript = "diff \"${PODS_ROOT}/../Podfile.lock\" \"${PODS_ROOT}/Manifest.lock\" > /dev/null\nif [ $? != 0 ] ; then\n    # print error to STDERR\n    echo \"error: The sandbox is not in sync with the Podfile.lock. Run 'pod install' or update your CocoaPods installation.\" >&2\n    exit 1\nfi\n";
			showEnvVarsInLog = 0;
		};
		1F06FC516349B2A90FBDDE20 /* [CP] Embed Pods Frameworks */ = {
			isa = PBXShellScriptBuildPhase;
			buildActionMask = 2147483647;
			files = (
			);
			inputPaths = (
			);
			name = "[CP] Embed Pods Frameworks";
			outputPaths = (
			);
			runOnlyForDeploymentPostprocessing = 0;
			shellPath = /bin/sh;
			shellScript = "\"${SRCROOT}/Pods/Target Support Files/Pods-ZiMuZu/Pods-ZiMuZu-frameworks.sh\"\n";
			showEnvVarsInLog = 0;
		};
		417A263D42344203FE263BEB /* [CP] Embed Pods Frameworks */ = {
			isa = PBXShellScriptBuildPhase;
			buildActionMask = 2147483647;
			files = (
			);
			inputPaths = (
			);
			name = "[CP] Embed Pods Frameworks";
			outputPaths = (
			);
			runOnlyForDeploymentPostprocessing = 0;
			shellPath = /bin/sh;
			shellScript = "\"${SRCROOT}/Pods/Target Support Files/Pods-ZiMuZuTests/Pods-ZiMuZuTests-frameworks.sh\"\n";
			showEnvVarsInLog = 0;
		};
		9345B8D0043CA2ACBDBA781C /* [CP] Copy Pods Resources */ = {
			isa = PBXShellScriptBuildPhase;
			buildActionMask = 2147483647;
			files = (
			);
			inputPaths = (
			);
			name = "[CP] Copy Pods Resources";
			outputPaths = (
			);
			runOnlyForDeploymentPostprocessing = 0;
			shellPath = /bin/sh;
			shellScript = "\"${SRCROOT}/Pods/Target Support Files/Pods-ZiMuZu/Pods-ZiMuZu-resources.sh\"\n";
			showEnvVarsInLog = 0;
		};
		98E5AF94624C33D45A5D9E50 /* [CP] Check Pods Manifest.lock */ = {
			isa = PBXShellScriptBuildPhase;
			buildActionMask = 2147483647;
			files = (
			);
			inputPaths = (
			);
			name = "[CP] Check Pods Manifest.lock";
			outputPaths = (
			);
			runOnlyForDeploymentPostprocessing = 0;
			shellPath = /bin/sh;
			shellScript = "diff \"${PODS_ROOT}/../Podfile.lock\" \"${PODS_ROOT}/Manifest.lock\" > /dev/null\nif [ $? != 0 ] ; then\n    # print error to STDERR\n    echo \"error: The sandbox is not in sync with the Podfile.lock. Run 'pod install' or update your CocoaPods installation.\" >&2\n    exit 1\nfi\n";
			showEnvVarsInLog = 0;
		};
		F1FB9BA40D573C4A3C63D7BA /* [CP] Copy Pods Resources */ = {
			isa = PBXShellScriptBuildPhase;
			buildActionMask = 2147483647;
			files = (
			);
			inputPaths = (
			);
			name = "[CP] Copy Pods Resources";
			outputPaths = (
			);
			runOnlyForDeploymentPostprocessing = 0;
			shellPath = /bin/sh;
			shellScript = "\"${SRCROOT}/Pods/Target Support Files/Pods-ZiMuZuTests/Pods-ZiMuZuTests-resources.sh\"\n";
			showEnvVarsInLog = 0;
		};
/* End PBXShellScriptBuildPhase section */

/* Begin PBXSourcesBuildPhase section */
		9727B4291F30C08A00B271DF /* Sources */ = {
			isa = PBXSourcesBuildPhase;
			buildActionMask = 2147483647;
			files = (
				97D4EBB71F36B51B0067E25D /* HomeEmbeddedSectionController.swift in Sources */,
				C10040E01F317BB800068142 /* SearchViewController.swift in Sources */,
				9727B4311F30C08A00B271DF /* AppDelegate.swift in Sources */,
				C15940E61F330EA100929B91 /* TV.swift in Sources */,
				C174E6CD1F38688C00921434 /* News.swift in Sources */,
				C129FCF71F38383800F3E629 /* HomeHeaderView.swift in Sources */,
				C1B625091F3C30080020EA39 /* NewsDetailViewController.swift in Sources */,
				C174E6CB1F3866F400921434 /* HomeNewsSectionController.swift in Sources */,
				C10833351F3B010F00533C9D /* NewsListCell.swift in Sources */,
				C10040E61F31E86C00068142 /* ZiMuZuAPI.swift in Sources */,
				C10833321F3B00E000533C9D /* NewsListTableViewController.swift in Sources */,
				C174E6D21F386EC800921434 /* NewsCell.swift in Sources */,
				C174E6C81F3852E500921434 /* HomeListCell.swift in Sources */,
				C174E6C51F38529300921434 /* HomeListSectionController.swift in Sources */,
				C10040DC1F31724700068142 /* BaseTabBarController.swift in Sources */,
				C132117F1F39C60A00D788AD /* TVListViewController.swift in Sources */,
				97D4EBAF1F36A3C00067E25D /* HomeSectionController.swift in Sources */,
				C174E6CF1F386E9100921434 /* HomeNewsEmbeddedSectionController.swift in Sources */,
				C10040DE1F317AD200068142 /* ProfileViewController.swift in Sources */,
				97D4EBB21F36A4070067E25D /* TVCell.swift in Sources */,
				C17E49CA1F31693200F969B2 /* ViewControllerConfig.swift in Sources */,
				C17E49C81F31663900F969B2 /* HomeViewController.swift in Sources */,
			);
			runOnlyForDeploymentPostprocessing = 0;
		};
		9727B4481F30C08A00B271DF /* Sources */ = {
			isa = PBXSourcesBuildPhase;
			buildActionMask = 2147483647;
			files = (
				9727B4511F30C08A00B271DF /* ZiMuZuUITests.swift in Sources */,
			);
			runOnlyForDeploymentPostprocessing = 0;
		};
		C15940961F32F20700929B91 /* Sources */ = {
			isa = PBXSourcesBuildPhase;
			buildActionMask = 2147483647;
			files = (
				C159409D1F32F20700929B91 /* ZiMuZuTests.swift in Sources */,
			);
			runOnlyForDeploymentPostprocessing = 0;
		};
/* End PBXSourcesBuildPhase section */

/* Begin PBXTargetDependency section */
		9727B44E1F30C08A00B271DF /* PBXTargetDependency */ = {
			isa = PBXTargetDependency;
			target = 9727B42C1F30C08A00B271DF /* ZiMuZu */;
			targetProxy = 9727B44D1F30C08A00B271DF /* PBXContainerItemProxy */;
		};
		C15940A01F32F20700929B91 /* PBXTargetDependency */ = {
			isa = PBXTargetDependency;
			target = 9727B42C1F30C08A00B271DF /* ZiMuZu */;
			targetProxy = C159409F1F32F20700929B91 /* PBXContainerItemProxy */;
		};
/* End PBXTargetDependency section */

/* Begin PBXVariantGroup section */
		9727B4341F30C08A00B271DF /* Main.storyboard */ = {
			isa = PBXVariantGroup;
			children = (
				9727B4351F30C08A00B271DF /* Base */,
			);
			name = Main.storyboard;
			sourceTree = "<group>";
		};
		9727B4391F30C08A00B271DF /* LaunchScreen.storyboard */ = {
			isa = PBXVariantGroup;
			children = (
				9727B43A1F30C08A00B271DF /* Base */,
			);
			name = LaunchScreen.storyboard;
			sourceTree = "<group>";
		};
/* End PBXVariantGroup section */

/* Begin XCBuildConfiguration section */
		9727B4531F30C08A00B271DF /* Debug */ = {
			isa = XCBuildConfiguration;
			buildSettings = {
				ALWAYS_SEARCH_USER_PATHS = NO;
				CLANG_ANALYZER_NONNULL = YES;
				CLANG_ANALYZER_NUMBER_OBJECT_CONVERSION = YES_AGGRESSIVE;
				CLANG_CXX_LANGUAGE_STANDARD = "gnu++14";
				CLANG_CXX_LIBRARY = "libc++";
				CLANG_ENABLE_MODULES = YES;
				CLANG_ENABLE_OBJC_ARC = YES;
				CLANG_WARN_BLOCK_CAPTURE_AUTORELEASING = YES;
				CLANG_WARN_BOOL_CONVERSION = YES;
				CLANG_WARN_COMMA = YES;
				CLANG_WARN_CONSTANT_CONVERSION = YES;
				CLANG_WARN_DIRECT_OBJC_ISA_USAGE = YES_ERROR;
				CLANG_WARN_DOCUMENTATION_COMMENTS = YES;
				CLANG_WARN_EMPTY_BODY = YES;
				CLANG_WARN_ENUM_CONVERSION = YES;
				CLANG_WARN_INFINITE_RECURSION = YES;
				CLANG_WARN_INT_CONVERSION = YES;
				CLANG_WARN_NON_LITERAL_NULL_CONVERSION = YES;
				CLANG_WARN_OBJC_LITERAL_CONVERSION = YES;
				CLANG_WARN_OBJC_ROOT_CLASS = YES_ERROR;
				CLANG_WARN_RANGE_LOOP_ANALYSIS = YES;
				CLANG_WARN_STRICT_PROTOTYPES = YES;
				CLANG_WARN_SUSPICIOUS_MOVE = YES;
				CLANG_WARN_UNGUARDED_AVAILABILITY = YES_AGGRESSIVE;
				CLANG_WARN_UNREACHABLE_CODE = YES;
				CLANG_WARN__DUPLICATE_METHOD_MATCH = YES;
				CODE_SIGN_IDENTITY = "iPhone Developer";
				COPY_PHASE_STRIP = NO;
				DEBUG_INFORMATION_FORMAT = dwarf;
				ENABLE_STRICT_OBJC_MSGSEND = YES;
				ENABLE_TESTABILITY = YES;
				GCC_C_LANGUAGE_STANDARD = gnu11;
				GCC_DYNAMIC_NO_PIC = NO;
				GCC_NO_COMMON_BLOCKS = YES;
				GCC_OPTIMIZATION_LEVEL = 0;
				GCC_PREPROCESSOR_DEFINITIONS = (
					"DEBUG=1",
					"$(inherited)",
				);
				GCC_WARN_64_TO_32_BIT_CONVERSION = YES;
				GCC_WARN_ABOUT_RETURN_TYPE = YES_ERROR;
				GCC_WARN_UNDECLARED_SELECTOR = YES;
				GCC_WARN_UNINITIALIZED_AUTOS = YES_AGGRESSIVE;
				GCC_WARN_UNUSED_FUNCTION = YES;
				GCC_WARN_UNUSED_VARIABLE = YES;
				IPHONEOS_DEPLOYMENT_TARGET = 11.0;
				MTL_ENABLE_DEBUG_INFO = YES;
				ONLY_ACTIVE_ARCH = YES;
				SDKROOT = iphoneos;
				SWIFT_ACTIVE_COMPILATION_CONDITIONS = DEBUG;
				SWIFT_OPTIMIZATION_LEVEL = "-Onone";
			};
			name = Debug;
		};
		9727B4541F30C08A00B271DF /* Release */ = {
			isa = XCBuildConfiguration;
			buildSettings = {
				ALWAYS_SEARCH_USER_PATHS = NO;
				CLANG_ANALYZER_NONNULL = YES;
				CLANG_ANALYZER_NUMBER_OBJECT_CONVERSION = YES_AGGRESSIVE;
				CLANG_CXX_LANGUAGE_STANDARD = "gnu++14";
				CLANG_CXX_LIBRARY = "libc++";
				CLANG_ENABLE_MODULES = YES;
				CLANG_ENABLE_OBJC_ARC = YES;
				CLANG_WARN_BLOCK_CAPTURE_AUTORELEASING = YES;
				CLANG_WARN_BOOL_CONVERSION = YES;
				CLANG_WARN_COMMA = YES;
				CLANG_WARN_CONSTANT_CONVERSION = YES;
				CLANG_WARN_DIRECT_OBJC_ISA_USAGE = YES_ERROR;
				CLANG_WARN_DOCUMENTATION_COMMENTS = YES;
				CLANG_WARN_EMPTY_BODY = YES;
				CLANG_WARN_ENUM_CONVERSION = YES;
				CLANG_WARN_INFINITE_RECURSION = YES;
				CLANG_WARN_INT_CONVERSION = YES;
				CLANG_WARN_NON_LITERAL_NULL_CONVERSION = YES;
				CLANG_WARN_OBJC_LITERAL_CONVERSION = YES;
				CLANG_WARN_OBJC_ROOT_CLASS = YES_ERROR;
				CLANG_WARN_RANGE_LOOP_ANALYSIS = YES;
				CLANG_WARN_STRICT_PROTOTYPES = YES;
				CLANG_WARN_SUSPICIOUS_MOVE = YES;
				CLANG_WARN_UNGUARDED_AVAILABILITY = YES_AGGRESSIVE;
				CLANG_WARN_UNREACHABLE_CODE = YES;
				CLANG_WARN__DUPLICATE_METHOD_MATCH = YES;
				CODE_SIGN_IDENTITY = "iPhone Developer";
				COPY_PHASE_STRIP = NO;
				DEBUG_INFORMATION_FORMAT = "dwarf-with-dsym";
				ENABLE_NS_ASSERTIONS = NO;
				ENABLE_STRICT_OBJC_MSGSEND = YES;
				GCC_C_LANGUAGE_STANDARD = gnu11;
				GCC_NO_COMMON_BLOCKS = YES;
				GCC_WARN_64_TO_32_BIT_CONVERSION = YES;
				GCC_WARN_ABOUT_RETURN_TYPE = YES_ERROR;
				GCC_WARN_UNDECLARED_SELECTOR = YES;
				GCC_WARN_UNINITIALIZED_AUTOS = YES_AGGRESSIVE;
				GCC_WARN_UNUSED_FUNCTION = YES;
				GCC_WARN_UNUSED_VARIABLE = YES;
				IPHONEOS_DEPLOYMENT_TARGET = 11.0;
				MTL_ENABLE_DEBUG_INFO = NO;
				SDKROOT = iphoneos;
				SWIFT_OPTIMIZATION_LEVEL = "-Owholemodule";
				VALIDATE_PRODUCT = YES;
			};
			name = Release;
		};
		9727B4561F30C08A00B271DF /* Debug */ = {
			isa = XCBuildConfiguration;
			baseConfigurationReference = ADDAC9D39D2D54B823DAC200 /* Pods-ZiMuZu.debug.xcconfig */;
			buildSettings = {
				ASSETCATALOG_COMPILER_APPICON_NAME = AppIcon;
				DEVELOPMENT_TEAM = QXJB9XPNQ5;
				INFOPLIST_FILE = ZiMuZu/Info.plist;
				LD_RUNPATH_SEARCH_PATHS = "$(inherited) @executable_path/Frameworks";
				PRODUCT_BUNDLE_IDENTIFIER = com.zhangyangwei.ZiMuZu;
				PRODUCT_NAME = "$(TARGET_NAME)";
				SWIFT_VERSION = 4.0;
				TARGETED_DEVICE_FAMILY = 1;
			};
			name = Debug;
		};
		9727B4571F30C08A00B271DF /* Release */ = {
			isa = XCBuildConfiguration;
			baseConfigurationReference = 0158784D9F42A27500FF1D64 /* Pods-ZiMuZu.release.xcconfig */;
			buildSettings = {
				ASSETCATALOG_COMPILER_APPICON_NAME = AppIcon;
				DEVELOPMENT_TEAM = QXJB9XPNQ5;
				INFOPLIST_FILE = ZiMuZu/Info.plist;
				LD_RUNPATH_SEARCH_PATHS = "$(inherited) @executable_path/Frameworks";
				PRODUCT_BUNDLE_IDENTIFIER = com.zhangyangwei.ZiMuZu;
				PRODUCT_NAME = "$(TARGET_NAME)";
				SWIFT_VERSION = 4.0;
				TARGETED_DEVICE_FAMILY = 1;
			};
			name = Release;
		};
		9727B45C1F30C08A00B271DF /* Debug */ = {
			isa = XCBuildConfiguration;
			buildSettings = {
				ALWAYS_EMBED_SWIFT_STANDARD_LIBRARIES = YES;
				DEVELOPMENT_TEAM = QXJB9XPNQ5;
				INFOPLIST_FILE = ZiMuZuUITests/Info.plist;
				LD_RUNPATH_SEARCH_PATHS = "$(inherited) @executable_path/Frameworks @loader_path/Frameworks";
				PRODUCT_BUNDLE_IDENTIFIER = com.zhangyangwei.ZiMuZuUITests;
				PRODUCT_NAME = "$(TARGET_NAME)";
				SWIFT_VERSION = 4.0;
				TARGETED_DEVICE_FAMILY = "1,2";
				TEST_TARGET_NAME = ZiMuZu;
			};
			name = Debug;
		};
		9727B45D1F30C08A00B271DF /* Release */ = {
			isa = XCBuildConfiguration;
			buildSettings = {
				ALWAYS_EMBED_SWIFT_STANDARD_LIBRARIES = YES;
				DEVELOPMENT_TEAM = QXJB9XPNQ5;
				INFOPLIST_FILE = ZiMuZuUITests/Info.plist;
				LD_RUNPATH_SEARCH_PATHS = "$(inherited) @executable_path/Frameworks @loader_path/Frameworks";
				PRODUCT_BUNDLE_IDENTIFIER = com.zhangyangwei.ZiMuZuUITests;
				PRODUCT_NAME = "$(TARGET_NAME)";
				SWIFT_VERSION = 4.0;
				TARGETED_DEVICE_FAMILY = "1,2";
				TEST_TARGET_NAME = ZiMuZu;
			};
			name = Release;
		};
		C15940A21F32F20700929B91 /* Debug */ = {
			isa = XCBuildConfiguration;
			baseConfigurationReference = B2C5BDA30FD4529D4EDC464D /* Pods-ZiMuZuTests.debug.xcconfig */;
			buildSettings = {
				BUNDLE_LOADER = "$(TEST_HOST)";
				DEVELOPMENT_TEAM = QXJB9XPNQ5;
				INFOPLIST_FILE = ZiMuZuTests/Info.plist;
				LD_RUNPATH_SEARCH_PATHS = "$(inherited) @executable_path/Frameworks @loader_path/Frameworks";
				PRODUCT_BUNDLE_IDENTIFIER = com.arbanban.ZiMuZuTests;
				PRODUCT_NAME = "$(TARGET_NAME)";
				SWIFT_VERSION = 4.0;
				TARGETED_DEVICE_FAMILY = "1,2";
				TEST_HOST = "$(BUILT_PRODUCTS_DIR)/ZiMuZu.app/ZiMuZu";
			};
			name = Debug;
		};
		C15940A31F32F20700929B91 /* Release */ = {
			isa = XCBuildConfiguration;
			baseConfigurationReference = C16151FA4776D9C0E3A92CAA /* Pods-ZiMuZuTests.release.xcconfig */;
			buildSettings = {
				BUNDLE_LOADER = "$(TEST_HOST)";
				DEVELOPMENT_TEAM = QXJB9XPNQ5;
				INFOPLIST_FILE = ZiMuZuTests/Info.plist;
				LD_RUNPATH_SEARCH_PATHS = "$(inherited) @executable_path/Frameworks @loader_path/Frameworks";
				PRODUCT_BUNDLE_IDENTIFIER = com.arbanban.ZiMuZuTests;
				PRODUCT_NAME = "$(TARGET_NAME)";
				SWIFT_VERSION = 4.0;
				TARGETED_DEVICE_FAMILY = "1,2";
				TEST_HOST = "$(BUILT_PRODUCTS_DIR)/ZiMuZu.app/ZiMuZu";
			};
			name = Release;
		};
/* End XCBuildConfiguration section */

/* Begin XCConfigurationList section */
		9727B4281F30C08A00B271DF /* Build configuration list for PBXProject "ZiMuZu" */ = {
			isa = XCConfigurationList;
			buildConfigurations = (
				9727B4531F30C08A00B271DF /* Debug */,
				9727B4541F30C08A00B271DF /* Release */,
			);
			defaultConfigurationIsVisible = 0;
			defaultConfigurationName = Release;
		};
		9727B4551F30C08A00B271DF /* Build configuration list for PBXNativeTarget "ZiMuZu" */ = {
			isa = XCConfigurationList;
			buildConfigurations = (
				9727B4561F30C08A00B271DF /* Debug */,
				9727B4571F30C08A00B271DF /* Release */,
			);
			defaultConfigurationIsVisible = 0;
			defaultConfigurationName = Release;
		};
		9727B45B1F30C08A00B271DF /* Build configuration list for PBXNativeTarget "ZiMuZuUITests" */ = {
			isa = XCConfigurationList;
			buildConfigurations = (
				9727B45C1F30C08A00B271DF /* Debug */,
				9727B45D1F30C08A00B271DF /* Release */,
			);
			defaultConfigurationIsVisible = 0;
			defaultConfigurationName = Release;
		};
		C15940A11F32F20700929B91 /* Build configuration list for PBXNativeTarget "ZiMuZuTests" */ = {
			isa = XCConfigurationList;
			buildConfigurations = (
				C15940A21F32F20700929B91 /* Debug */,
				C15940A31F32F20700929B91 /* Release */,
			);
			defaultConfigurationIsVisible = 0;
			defaultConfigurationName = Release;
		};
/* End XCConfigurationList section */
	};
	rootObject = 9727B4251F30C08A00B271DF /* Project object */;
}
